
Microsoft Visual Studio Solution File, Format Version 12.00
# Visual Studio Version 17
VisualStudioVersion = 17.3.32929.385
MinimumVisualStudioVersion = 10.0.40219.1
Project("{FAE04EC0-301F-11D3-BF4B-00C04F79EFBC}") = "imtahan.me", "imtahan.me.csproj", "{EACFC6A7-2D8C-4B7D-928C-BE27E68FD6F0}"
EndProject
Global
	GlobalSection(SolutionConfigurationPlatforms) = preSolution
		Debug|Any CPU = Debug|Any CPU
		Release|Any CPU = Release|Any CPU
	EndGlobalSection
	GlobalSection(ProjectConfigurationPlatforms) = postSolution
		{EACFC6A7-2D8C-4B7D-928C-BE27E68FD6F0}.Debug|Any CPU.ActiveCfg = Debug|Any CPU
		{EACFC6A7-2D8C-4B7D-928C-BE27E68FD6F0}.Debug|Any CPU.Build.0 = Debug|Any CPU
		{EACFC6A7-2D8C-4B7D-928C-BE27E68FD6F0}.Release|Any CPU.ActiveCfg = Release|Any CPU
		{EACFC6A7-2D8C-4B7D-928C-BE27E68FD6F0}.Release|Any CPU.Build.0 = Release|Any CPU
	EndGlobalSection
	GlobalSection(SolutionProperties) = preSolution
		HideSolutionNode = FALSE
	EndGlobalSection
	GlobalSection(ExtensibilityGlobals) = postSolution
		SolutionGuid = {B0AE40CE-EB76-4C95-B57F-55C6FA139ED6}
	EndGlobalSection
EndGlobal
